
Microsoft Visual Studio Solution File, Format Version 12.00
# Visual Studio Version 16
VisualStudioVersion = 16.0.30621.155
MinimumVisualStudioVersion = 10.0.40219.1
Project("{8BC9CEB8-8B4A-11D0-8D11-00A0C91BC942}") = "Project33d", "Project33d.vcxproj", "{2AB03321-F93C-4041-9FDF-BDB9F00C46A4}"
EndProject
Project("{8BC9CEB8-8B4A-11D0-8D11-00A0C91BC942}") = "UnitTest1", "UnitTest1\UnitTest1.vcxproj", "{806B8785-FBD7-4D55-9751-89E6858E9E34}"
EndProject
Global
	GlobalSection(SolutionConfigurationPlatforms) = preSolution
		Debug|x64 = Debug|x64
		Debug|x86 = Debug|x86
		Release|x64 = Release|x64
		Release|x86 = Release|x86
	EndGlobalSection
	GlobalSection(ProjectConfigurationPlatforms) = postSolution
		{2AB03321-F93C-4041-9FDF-BDB9F00C46A4}.Debug|x64.ActiveCfg = Debug|x64
		{2AB03321-F93C-4041-9FDF-BDB9F00C46A4}.Debug|x64.Build.0 = Debug|x64
		{2AB03321-F93C-4041-9FDF-BDB9F00C46A4}.Debug|x86.ActiveCfg = Debug|Win32
		{2AB03321-F93C-4041-9FDF-BDB9F00C46A4}.Debug|x86.Build.0 = Debug|Win32
		{2AB03321-F93C-4041-9FDF-BDB9F00C46A4}.Release|x64.ActiveCfg = Release|x64
		{2AB03321-F93C-4041-9FDF-BDB9F00C46A4}.Release|x64.Build.0 = Release|x64
		{2AB03321-F93C-4041-9FDF-BDB9F00C46A4}.Release|x86.ActiveCfg = Release|Win32
		{2AB03321-F93C-4041-9FDF-BDB9F00C46A4}.Release|x86.Build.0 = Release|Win32
		{806B8785-FBD7-4D55-9751-89E6858E9E34}.Debug|x64.ActiveCfg = Debug|x64
		{806B8785-FBD7-4D55-9751-89E6858E9E34}.Debug|x64.Build.0 = Debug|x64
		{806B8785-FBD7-4D55-9751-89E6858E9E34}.Debug|x86.ActiveCfg = Debug|Win32
		{806B8785-FBD7-4D55-9751-89E6858E9E34}.Debug|x86.Build.0 = Debug|Win32
		{806B8785-FBD7-4D55-9751-89E6858E9E34}.Release|x64.ActiveCfg = Release|x64
		{806B8785-FBD7-4D55-9751-89E6858E9E34}.Release|x64.Build.0 = Release|x64
		{806B8785-FBD7-4D55-9751-89E6858E9E34}.Release|x86.ActiveCfg = Release|Win32
		{806B8785-FBD7-4D55-9751-89E6858E9E34}.Release|x86.Build.0 = Release|Win32
	EndGlobalSection
	GlobalSection(SolutionProperties) = preSolution
		HideSolutionNode = FALSE
	EndGlobalSection
	GlobalSection(ExtensibilityGlobals) = postSolution
		SolutionGuid = {3539A37B-EC84-412B-980E-B69945EC6400}
	EndGlobalSection
EndGlobal
